
Microsoft Visual Studio Solution File, Format Version 12.00
# Visual Studio 15
VisualStudioVersion = 15.0.27703.2018
MinimumVisualStudioVersion = 10.0.40219.1
Project("{FAE04EC0-301F-11D3-BF4B-00C04F79EFBC}") = "FightClub_2", "FightClub_2\FightClub_2.csproj", "{E4F7AD31-0658-4BB5-9D9D-37D4143D2EA3}"
EndProject
Project("{FAE04EC0-301F-11D3-BF4B-00C04F79EFBC}") = "FightClub.BL", "FightClub.BL\FightClub.BL.csproj", "{A05E7F98-DBF6-4826-B95C-BE6A5B139556}"
EndProject
Global
	GlobalSection(SolutionConfigurationPlatforms) = preSolution
		Debug|Any CPU = Debug|Any CPU
		Release|Any CPU = Release|Any CPU
	EndGlobalSection
	GlobalSection(ProjectConfigurationPlatforms) = postSolution
		{E4F7AD31-0658-4BB5-9D9D-37D4143D2EA3}.Debug|Any CPU.ActiveCfg = Debug|Any CPU
		{E4F7AD31-0658-4BB5-9D9D-37D4143D2EA3}.Debug|Any CPU.Build.0 = Debug|Any CPU
		{E4F7AD31-0658-4BB5-9D9D-37D4143D2EA3}.Release|Any CPU.ActiveCfg = Release|Any CPU
		{E4F7AD31-0658-4BB5-9D9D-37D4143D2EA3}.Release|Any CPU.Build.0 = Release|Any CPU
		{A05E7F98-DBF6-4826-B95C-BE6A5B139556}.Debug|Any CPU.ActiveCfg = Debug|Any CPU
		{A05E7F98-DBF6-4826-B95C-BE6A5B139556}.Debug|Any CPU.Build.0 = Debug|Any CPU
		{A05E7F98-DBF6-4826-B95C-BE6A5B139556}.Release|Any CPU.ActiveCfg = Release|Any CPU
		{A05E7F98-DBF6-4826-B95C-BE6A5B139556}.Release|Any CPU.Build.0 = Release|Any CPU
	EndGlobalSection
	GlobalSection(SolutionProperties) = preSolution
		HideSolutionNode = FALSE
	EndGlobalSection
	GlobalSection(ExtensibilityGlobals) = postSolution
		SolutionGuid = {3DFC1792-49D2-4D10-8596-7C6397D45EB8}
	EndGlobalSection
EndGlobal
